
Microsoft Visual Studio Solution File, Format Version 12.00
# Visual Studio Version 16
VisualStudioVersion = 16.0.29613.14
MinimumVisualStudioVersion = 10.0.40219.1
Project("{FAE04EC0-301F-11D3-BF4B-00C04F79EFBC}") = "BST", "BST\BST.csproj", "{ED30446F-2295-4301-B834-31E90CB638DD}"
EndProject
Global
	GlobalSection(SolutionConfigurationPlatforms) = preSolution
		Debug|Any CPU = Debug|Any CPU
		Release|Any CPU = Release|Any CPU
	EndGlobalSection
	GlobalSection(ProjectConfigurationPlatforms) = postSolution
		{ED30446F-2295-4301-B834-31E90CB638DD}.Debug|Any CPU.ActiveCfg = Debug|Any CPU
		{ED30446F-2295-4301-B834-31E90CB638DD}.Debug|Any CPU.Build.0 = Debug|Any CPU
		{ED30446F-2295-4301-B834-31E90CB638DD}.Release|Any CPU.ActiveCfg = Release|Any CPU
		{ED30446F-2295-4301-B834-31E90CB638DD}.Release|Any CPU.Build.0 = Release|Any CPU
	EndGlobalSection
	GlobalSection(SolutionProperties) = preSolution
		HideSolutionNode = FALSE
	EndGlobalSection
	GlobalSection(ExtensibilityGlobals) = postSolution
		SolutionGuid = {A0FECD3E-8282-46DE-BE2D-49EA2E826C4A}
	EndGlobalSection
EndGlobal
